
Microsoft Visual Studio Solution File, Format Version 12.00
# Visual Studio Version 17
VisualStudioVersion = 17.5.33627.172
MinimumVisualStudioVersion = 10.0.40219.1
Project("{9A19103F-16F7-4668-BE54-9A1E7A4F7556}") = "PaymentHub", "PaymentHub\PaymentHub.csproj", "{969E7913-1B9D-4C0E-8855-76E0CBE68753}"
EndProject
Project("{9A19103F-16F7-4668-BE54-9A1E7A4F7556}") = "PaymentInterfaces", "PaymentInterfaces\PaymentInterfaces.csproj", "{D107386C-2DB6-4952-B2A8-E6EF736CEEFC}"
EndProject
Project("{9A19103F-16F7-4668-BE54-9A1E7A4F7556}") = "PIXItau", "PIXItau\PIXItau.csproj", "{EB0CE1C8-1321-45CB-99E5-2213843F5CE7}"
EndProject
Global
	GlobalSection(SolutionConfigurationPlatforms) = preSolution
		Debug|Any CPU = Debug|Any CPU
		Release|Any CPU = Release|Any CPU
	EndGlobalSection
	GlobalSection(ProjectConfigurationPlatforms) = postSolution
		{969E7913-1B9D-4C0E-8855-76E0CBE68753}.Debug|Any CPU.ActiveCfg = Debug|Any CPU
		{969E7913-1B9D-4C0E-8855-76E0CBE68753}.Debug|Any CPU.Build.0 = Debug|Any CPU
		{969E7913-1B9D-4C0E-8855-76E0CBE68753}.Release|Any CPU.ActiveCfg = Release|Any CPU
		{969E7913-1B9D-4C0E-8855-76E0CBE68753}.Release|Any CPU.Build.0 = Release|Any CPU
		{D107386C-2DB6-4952-B2A8-E6EF736CEEFC}.Debug|Any CPU.ActiveCfg = Debug|Any CPU
		{D107386C-2DB6-4952-B2A8-E6EF736CEEFC}.Debug|Any CPU.Build.0 = Debug|Any CPU
		{D107386C-2DB6-4952-B2A8-E6EF736CEEFC}.Release|Any CPU.ActiveCfg = Release|Any CPU
		{D107386C-2DB6-4952-B2A8-E6EF736CEEFC}.Release|Any CPU.Build.0 = Release|Any CPU
		{EB0CE1C8-1321-45CB-99E5-2213843F5CE7}.Debug|Any CPU.ActiveCfg = Debug|Any CPU
		{EB0CE1C8-1321-45CB-99E5-2213843F5CE7}.Debug|Any CPU.Build.0 = Debug|Any CPU
		{EB0CE1C8-1321-45CB-99E5-2213843F5CE7}.Release|Any CPU.ActiveCfg = Release|Any CPU
		{EB0CE1C8-1321-45CB-99E5-2213843F5CE7}.Release|Any CPU.Build.0 = Release|Any CPU
	EndGlobalSection
	GlobalSection(SolutionProperties) = preSolution
		HideSolutionNode = FALSE
	EndGlobalSection
	GlobalSection(ExtensibilityGlobals) = postSolution
		SolutionGuid = {CD394510-4F30-482F-9FAC-E1D143E7CAD5}
	EndGlobalSection
EndGlobal
